// !$*UTF8*$!
{
	archiveVersion = 1;
	classes = {
	};
	objectVersion = 77;
	objects = {

/* Begin PBXContainerItemProxy section */
		DD51B19D2F8BFD1C00CB62A4 /* PBXContainerItemProxy */ = {
			isa = PBXContainerItemProxy;
			containerPortal = DD51B1852F8BFD1A00CB62A4 /* Project object */;
			proxyType = 1;
			remoteGlobalIDString = DD51B18C2F8BFD1A00CB62A4;
			remoteInfo = myTunes;
		};
		DD51B1A72F8BFD1C00CB62A4 /* PBXContainerItemProxy */ = {
			isa = PBXContainerItemProxy;
			containerPortal = DD51B1852F8BFD1A00CB62A4 /* Project object */;
			proxyType = 1;
			remoteGlobalIDString = DD51B18C2F8BFD1A00CB62A4;
			remoteInfo = myTunes;
		};
/* End PBXContainerItemProxy section */

/* Begin PBXFileReference section */
		DD51B18D2F8BFD1A00CB62A4 /* myTunes.app */ = {isa = PBXFileReference; explicitFileType = wrapper.application; includeInIndex = 0; path = myTunes.app; sourceTree = BUILT_PRODUCTS_DIR; };
		DD51B19C2F8BFD1C00CB62A4 /* myTunesTests.xctest */ = {isa = PBXFileReference; explicitFileType = wrapper.cfbundle; includeInIndex = 0; path = myTunesTests.xctest; sourceTree = BUILT_PRODUCTS_DIR; };
		DD51B1A62F8BFD1C00CB62A4 /* myTunesUITests.xctest */ = {isa = PBXFileReference; explicitFileType = wrapper.cfbundle; includeInIndex = 0; path = myTunesUITests.xctest; sourceTree = BUILT_PRODUCTS_DIR; };
/* End PBXFileReference section */

/* Begin PBXFileSystemSynchronizedBuildFileExceptionSet section */
		DD80D1D62F8C7B09008CC921 /* Exceptions for "myTunesUITests" folder in "myTunesTests" target */ = {
			isa = PBXFileSystemSynchronizedBuildFileExceptionSet;
			membershipExceptions = (
				myTunesTests.swift,
			);
			target = DD51B19B2F8BFD1C00CB62A4 /* myTunesTests */;
		};
		DD80D1D72F8C7B09008CC921 /* Exceptions for "myTunesUITests" folder in "myTunesUITests" target */ = {
			isa = PBXFileSystemSynchronizedBuildFileExceptionSet;
			membershipExceptions = (
				myTunesTests.swift,
			);
			target = DD51B1A52F8BFD1C00CB62A4 /* myTunesUITests */;
		};
		DD80D1E32F8C7B80008CC921 /* Exceptions for "myTunes" folder in "myTunes" target */ = {
			isa = PBXFileSystemSynchronizedBuildFileExceptionSet;
			membershipExceptions = (
				Info.plist,
			);
			target = DD51B18C2F8BFD1A00CB62A4 /* myTunes */;
		};
/* End PBXFileSystemSynchronizedBuildFileExceptionSet section */

/* Begin PBXFileSystemSynchronizedRootGroup section */
		DD51B18F2F8BFD1A00CB62A4 /* myTunes */ = {
			isa = PBXFileSystemSynchronizedRootGroup;
			exceptions = (
				DD80D1E32F8C7B80008CC921 /* Exceptions for "myTunes" folder in "myTunes" target */,
			);
			path = myTunes;
			sourceTree = "<group>";
		};
		DD51B19F2F8BFD1C00CB62A4 /* myTunesTests */ = {
			isa = PBXFileSystemSynchronizedRootGroup;
			path = myTunesTests;
			sourceTree = "<group>";
		};
		DD51B1A92F8BFD1C00CB62A4 /* myTunesUITests */ = {
			isa = PBXFileSystemSynchronizedRootGroup;
			exceptions = (
				DD80D1D62F8C7B09008CC921 /* Exceptions for "myTunesUITests" folder in "myTunesTests" target */,
				DD80D1D72F8C7B09008CC921 /* Exceptions for "myTunesUITests" folder in "myTunesUITests" target */,
			);
			path = myTunesUITests;
			sourceTree = "<group>";
		};
/* End PBXFileSystemSynchronizedRootGroup section */

/* Begin PBXFrameworksBuildPhase section */
		DD51B18A2F8BFD1A00CB62A4 /* Frameworks */ = {
			isa = PBXFrameworksBuildPhase;
			buildActionMask = 2147483647;
			files = (
			);
			runOnlyForDeploymentPostprocessing = 0;
		};
		DD51B1992F8BFD1C00CB62A4 /* Frameworks */ = {
			isa = PBXFrameworksBuildPhase;
			buildActionMask = 2147483647;
			files = (
			);
			runOnlyForDeploymentPostprocessing = 0;
		};
		DD51B1A32F8BFD1C00CB62A4 /* Frameworks */ = {
			isa = PBXFrameworksBuildPhase;
			buildActionMask = 2147483647;
			files = (
			);
			runOnlyForDeploymentPostprocessing = 0;
		};
/* End PBXFrameworksBuildPhase section */

/* Begin PBXGroup section */
		DD51B1842F8BFD1A00CB62A4 = {
			isa = PBXGroup;
			children = (
				DD51B18F2F8BFD1A00CB62A4 /* myTunes */,
				DD51B19F2F8BFD1C00CB62A4 /* myTunesTests */,
				DD51B1A92F8BFD1C00CB62A4 /* myTunesUITests */,
				DD51B18E2F8BFD1A00CB62A4 /* Products */,
			);
			sourceTree = "<group>";
		};
		DD51B18E2F8BFD1A00CB62A4 /* Products */ = {
			isa = PBXGroup;
			children = (
				DD51B18D2F8BFD1A00CB62A4 /* myTunes.app */,
				DD51B19C2F8BFD1C00CB62A4 /* myTunesTests.xctest */,
				DD51B1A62F8BFD1C00CB62A4 /* myTunesUITests.xctest */,
			);
			name = Products;
			sourceTree = "<group>";
		};
/* End PBXGroup section */

/* Begin PBXNativeTarget section */
		DD51B18C2F8BFD1A00CB62A4 /* myTunes */ = {
			isa = PBXNativeTarget;
			buildConfigurationList = DD51B1B02F8BFD1C00CB62A4 /* Build configuration list for PBXNativeTarget "myTunes" */;
			buildPhases = (
				DD51B1892F8BFD1A00CB62A4 /* Sources */,
				DD51B18A2F8BFD1A00CB62A4 /* Frameworks */,
				DD51B18B2F8BFD1A00CB62A4 /* Resources */,
			);
			buildRules = (
			);
			dependencies = (
			);
			fileSystemSynchronizedGroups = (
				DD51B18F2F8BFD1A00CB62A4 /* myTunes */,
			);
			name = myTunes;
			packageProductDependencies = (
			);
			productName = myTunes;
			productReference = DD51B18D2F8BFD1A00CB62A4 /* myTunes.app */;
			productType = "com.apple.product-type.application";
		};
		DD51B19B2F8BFD1C00CB62A4 /* myTunesTests */ = {
			isa = PBXNativeTarget;
			buildConfigurationList = DD51B1B32F8BFD1C00CB62A4 /* Build configuration list for PBXNativeTarget "myTunesTests" */;
			buildPhases = (
				DD51B1982F8BFD1C00CB62A4 /* Sources */,
				DD51B1992F8BFD1C00CB62A4 /* Frameworks */,
				DD51B19A2F8BFD1C00CB62A4 /* Resources */,
			);
			buildRules = (
			);
			dependencies = (
				DD51B19E2F8BFD1C00CB62A4 /* PBXTargetDependency */,
			);
			fileSystemSynchronizedGroups = (
				DD51B19F2F8BFD1C00CB62A4 /* myTunesTests */,
			);
			name = myTunesTests;
			packageProductDependencies = (
			);
			productName = myTunesTests;
			productReference = DD51B19C2F8BFD1C00CB62A4 /* myTunesTests.xctest */;
			productType = "com.apple.product-type.bundle.unit-test";
		};
		DD51B1A52F8BFD1C00CB62A4 /* myTunesUITests */ = {
			isa = PBXNativeTarget;
			buildConfigurationList = DD51B1B62F8BFD1C00CB62A4 /* Build configuration list for PBXNativeTarget "myTunesUITests" */;
			buildPhases = (
				DD51B1A22F8BFD1C00CB62A4 /* Sources */,
				DD51B1A32F8BFD1C00CB62A4 /* Frameworks */,
				DD51B1A42F8BFD1C00CB62A4 /* Resources */,
			);
			buildRules = (
			);
			dependencies = (
				DD51B1A82F8BFD1C00CB62A4 /* PBXTargetDependency */,
			);
			fileSystemSynchronizedGroups = (
				DD51B1A92F8BFD1C00CB62A4 /* myTunesUITests */,
			);
			name = myTunesUITests;
			packageProductDependencies = (
			);
			productName = myTunesUITests;
			productReference = DD51B1A62F8BFD1C00CB62A4 /* myTunesUITests.xctest */;
			productType = "com.apple.product-type.bundle.ui-testing";
		};
/* End PBXNativeTarget section */

/* Begin PBXProject section */
		DD51B1852F8BFD1A00CB62A4 /* Project object */ = {
			isa = PBXProject;
			attributes = {
				BuildIndependentTargetsInParallel = 1;
				LastSwiftUpdateCheck = 2640;
				LastUpgradeCheck = 2640;
				TargetAttributes = {
					DD51B18C2F8BFD1A00CB62A4 = {
						CreatedOnToolsVersion = 26.4;
					};
					DD51B19B2F8BFD1C00CB62A4 = {
						CreatedOnToolsVersion = 26.4;
						TestTargetID = DD51B18C2F8BFD1A00CB62A4;
					};
					DD51B1A52F8BFD1C00CB62A4 = {
						CreatedOnToolsVersion = 26.4;
						TestTargetID = DD51B18C2F8BFD1A00CB62A4;
					};
				};
			};
			buildConfigurationList = DD51B1882F8BFD1A00CB62A4 /* Build configuration list for PBXProject "myTunes" */;
			developmentRegion = en;
			hasScannedForEncodings = 0;
			knownRegions = (
				en,
				Base,
			);
			mainGroup = DD51B1842F8BFD1A00CB62A4;
			minimizedProjectReferenceProxies = 1;
			preferredProjectObjectVersion = 77;
			productRefGroup = DD51B18E2F8BFD1A00CB62A4 /* Products */;
			projectDirPath = "";
			projectRoot = "";
			targets = (
				DD51B18C2F8BFD1A00CB62A4 /* myTunes */,
				DD51B19B2F8BFD1C00CB62A4 /* myTunesTests */,
				DD51B1A52F8BFD1C00CB62A4 /* myTunesUITests */,
			);
		};
/* End PBXProject section */

/* Begin PBXResourcesBuildPhase section */
		DD51B18B2F8BFD1A00CB62A4 /* Resources */ = {
			isa = PBXResourcesBuildPhase;
			buildActionMask = 2147483647;
			files = (
			);
			runOnlyForDeploymentPostprocessing = 0;
		};
		DD51B19A2F8BFD1C00CB62A4 /* Resources */ = {
			isa = PBXResourcesBuildPhase;
			buildActionMask = 2147483647;
			files = (
			);
			runOnlyForDeploymentPostprocessing = 0;
		};
		DD51B1A42F8BFD1C00CB62A4 /* Resources */ = {
			isa = PBXResourcesBuildPhase;
			buildActionMask = 2147483647;
			files = (
			);
			runOnlyForDeploymentPostprocessing = 0;
		};
/* End PBXResourcesBuildPhase section */

/* Begin PBXSourcesBuildPhase section */
		DD51B1892F8BFD1A00CB62A4 /* Sources */ = {
			isa = PBXSourcesBuildPhase;
			buildActionMask = 2147483647;
			files = (
			);
			runOnlyForDeploymentPostprocessing = 0;
		};
		DD51B1982F8BFD1C00CB62A4 /* Sources */ = {
			isa = PBXSourcesBuildPhase;
			buildActionMask = 2147483647;
			files = (
			);
			runOnlyForDeploymentPostprocessing = 0;
		};
		DD51B1A22F8BFD1C00CB62A4 /* Sources */ = {
			isa = PBXSourcesBuildPhase;
			buildActionMask = 2147483647;
			files = (
			);
			runOnlyForDeploymentPostprocessing = 0;
		};
/* End PBXSourcesBuildPhase section */

/* Begin PBXTargetDependency section */
		DD51B19E2F8BFD1C00CB62A4 /* PBXTargetDependency */ = {
			isa = PBXTargetDependency;
			target = DD51B18C2F8BFD1A00CB62A4 /* myTunes */;
			targetProxy = DD51B19D2F8BFD1C00CB62A4 /* PBXContainerItemProxy */;
		};
		DD51B1A82F8BFD1C00CB62A4 /* PBXTargetDependency */ = {
			isa = PBXTargetDependency;
			target = DD51B18C2F8BFD1A00CB62A4 /* myTunes */;
			targetProxy = DD51B1A72F8BFD1C00CB62A4 /* PBXContainerItemProxy */;
		};
/* End PBXTargetDependency section */

/* Begin XCBuildConfiguration section */
		DD51B1AE2F8BFD1C00CB62A4 /* Debug */ = {
			isa = XCBuildConfiguration;
			buildSettings = {
				ALWAYS_SEARCH_USER_PATHS = NO;
				ASSETCATALOG_COMPILER_GENERATE_SWIFT_ASSET_SYMBOL_EXTENSIONS = YES;
				CLANG_ANALYZER_NONNULL = YES;
				CLANG_ANALYZER_NUMBER_OBJECT_CONVERSION = YES_AGGRESSIVE;
				CLANG_CXX_LANGUAGE_STANDARD = "gnu++20";
				CLANG_ENABLE_MODULES = YES;
				CLANG_ENABLE_OBJC_ARC = YES;
				CLANG_ENABLE_OBJC_WEAK = YES;
				CLANG_WARN_BLOCK_CAPTURE_AUTORELEASING = YES;
				CLANG_WARN_BOOL_CONVERSION = YES;
				CLANG_WARN_COMMA = YES;
				CLANG_WARN_CONSTANT_CONVERSION = YES;
				CLANG_WARN_DEPRECATED_OBJC_IMPLEMENTATIONS = YES;
				CLANG_WARN_DIRECT_OBJC_ISA_USAGE = YES_ERROR;
				CLANG_WARN_DOCUMENTATION_COMMENTS = YES;
				CLANG_WARN_EMPTY_BODY = YES;
				CLANG_WARN_ENUM_CONVERSION = YES;
				CLANG_WARN_INFINITE_RECURSION = YES;
				CLANG_WARN_INT_CONVERSION = YES;
				CLANG_WARN_NON_LITERAL_NULL_CONVERSION = YES;
				CLANG_WARN_OBJC_IMPLICIT_RETAIN_SELF = YES;
				CLANG_WARN_OBJC_LITERAL_CONVERSION = YES;
				CLANG_WARN_OBJC_ROOT_CLASS = YES_ERROR;
				CLANG_WARN_QUOTED_INCLUDE_IN_FRAMEWORK_HEADER = YES;
				CLANG_WARN_RANGE_LOOP_ANALYSIS = YES;
				CLANG_WARN_STRICT_PROTOTYPES = YES;
				CLANG_WARN_SUSPICIOUS_MOVE = YES;
				CLANG_WARN_UNGUARDED_AVAILABILITY = YES_AGGRESSIVE;
				CLANG_WARN_UNREACHABLE_CODE = YES;
				CLANG_WARN__DUPLICATE_METHOD_MATCH = YES;
				COPY_PHASE_STRIP = NO;
				DEBUG_INFORMATION_FORMAT = dwarf;
				DEVELOPMENT_TEAM = 5Y5KPADL48;
				ENABLE_STRICT_OBJC_MSGSEND = YES;
				ENABLE_TESTABILITY = YES;
				ENABLE_USER_SCRIPT_SANDBOXING = YES;
				GCC_C_LANGUAGE_STANDARD = gnu17;
				GCC_DYNAMIC_NO_PIC = NO;
				GCC_NO_COMMON_BLOCKS = YES;
				GCC_OPTIMIZATION_LEVEL = 0;
				GCC_PREPROCESSOR_DEFINITIONS = (
					"DEBUG=1",
					"$(inherited)",
				);
				GCC_WARN_64_TO_32_BIT_CONVERSION = YES;
				GCC_WARN_ABOUT_RETURN_TYPE = YES_ERROR;
				GCC_WARN_UNDECLARED_SELECTOR = YES;
				GCC_WARN_UNINITIALIZED_AUTOS = YES_AGGRESSIVE;
				GCC_WARN_UNUSED_FUNCTION = YES;
				GCC_WARN_UNUSED_VARIABLE = YES;
				IPHONEOS_DEPLOYMENT_TARGET = 26.4;
				LOCALIZATION_PREFERS_STRING_CATALOGS = YES;
				MTL_ENABLE_DEBUG_INFO = INCLUDE_SOURCE;
				MTL_FAST_MATH = YES;
				ONLY_ACTIVE_ARCH = YES;
				SDKROOT = iphoneos;
				SWIFT_ACTIVE_COMPILATION_CONDITIONS = "DEBUG $(inherited)";
				SWIFT_OPTIMIZATION_LEVEL = "-Onone";
			};
			name = Debug;
		};
		DD51B1AF2F8BFD1C00CB62A4 /* Release */ = {
			isa = XCBuildConfiguration;
			buildSettings = {
				ALWAYS_SEARCH_USER_PATHS = NO;
				ASSETCATALOG_COMPILER_GENERATE_SWIFT_ASSET_SYMBOL_EXTENSIONS = YES;
				CLANG_ANALYZER_NONNULL = YES;
				CLANG_ANALYZER_NUMBER_OBJECT_CONVERSION = YES_AGGRESSIVE;
				CLANG_CXX_LANGUAGE_STANDARD = "gnu++20";
				CLANG_ENABLE_MODULES = YES;
				CLANG_ENABLE_OBJC_ARC = YES;
				CLANG_ENABLE_OBJC_WEAK = YES;
				CLANG_WARN_BLOCK_CAPTURE_AUTORELEASING = YES;
				CLANG_WARN_BOOL_CONVERSION = YES;
				CLANG_WARN_COMMA = YES;
				CLANG_WARN_CONSTANT_CONVERSION = YES;
				CLANG_WARN_DEPRECATED_OBJC_IMPLEMENTATIONS = YES;
				CLANG_WARN_DIRECT_OBJC_ISA_USAGE = YES_ERROR;
				CLANG_WARN_DOCUMENTATION_COMMENTS = YES;
				CLANG_WARN_EMPTY_BODY = YES;
				CLANG_WARN_ENUM_CONVERSION = YES;
				CLANG_WARN_INFINITE_RECURSION = YES;
				CLANG_WARN_INT_CONVERSION = YES;
				CLANG_WARN_NON_LITERAL_NULL_CONVERSION = YES;
				CLANG_WARN_OBJC_IMPLICIT_RETAIN_SELF = YES;
				CLANG_WARN_OBJC_LITERAL_CONVERSION = YES;
				CLANG_WARN_OBJC_ROOT_CLASS = YES_ERROR;
				CLANG_WARN_QUOTED_INCLUDE_IN_FRAMEWORK_HEADER = YES;
				CLANG_WARN_RANGE_LOOP_ANALYSIS = YES;
				CLANG_WARN_STRICT_PROTOTYPES = YES;
				CLANG_WARN_SUSPICIOUS_MOVE = YES;
				CLANG_WARN_UNGUARDED_AVAILABILITY = YES_AGGRESSIVE;
				CLANG_WARN_UNREACHABLE_CODE = YES;
				CLANG_WARN__DUPLICATE_METHOD_MATCH = YES;
				COPY_PHASE_STRIP = NO;
				DEBUG_INFORMATION_FORMAT = "dwarf-with-dsym";
				DEVELOPMENT_TEAM = 5Y5KPADL48;
				ENABLE_NS_ASSERTIONS = NO;
				ENABLE_STRICT_OBJC_MSGSEND = YES;
				ENABLE_USER_SCRIPT_SANDBOXING = YES;
				GCC_C_LANGUAGE_STANDARD = gnu17;
				GCC_NO_COMMON_BLOCKS = YES;
				GCC_WARN_64_TO_32_BIT_CONVERSION = YES;
				GCC_WARN_ABOUT_RETURN_TYPE = YES_ERROR;
				GCC_WARN_UNDECLARED_SELECTOR = YES;
				GCC_WARN_UNINITIALIZED_AUTOS = YES_AGGRESSIVE;
				GCC_WARN_UNUSED_FUNCTION = YES;
				GCC_WARN_UNUSED_VARIABLE = YES;
				IPHONEOS_DEPLOYMENT_TARGET = 26.4;
				LOCALIZATION_PREFERS_STRING_CATALOGS = YES;
				MTL_ENABLE_DEBUG_INFO = NO;
				MTL_FAST_MATH = YES;
				SDKROOT = iphoneos;
				SWIFT_COMPILATION_MODE = wholemodule;
				VALIDATE_PRODUCT = YES;
			};
			name = Release;
		};
		DD51B1B12F8BFD1C00CB62A4 /* Debug */ = {
			isa = XCBuildConfiguration;
			buildSettings = {
				ASSETCATALOG_COMPILER_APPICON_NAME = AppIcon;
				ASSETCATALOG_COMPILER_GLOBAL_ACCENT_COLOR_NAME = AccentColor;
				ASSETCATALOG_COMPILER_INCLUDE_ALL_APPICON_ASSETS = NO;
				CODE_SIGN_STYLE = Automatic;
				CURRENT_PROJECT_VERSION = 1;
				DEVELOPMENT_TEAM = 5Y5KPADL48;
				ENABLE_PREVIEWS = YES;
				GENERATE_INFOPLIST_FILE = YES;
				INFOPLIST_FILE = myTunes/Info.plist;
				INFOPLIST_KEY_CFBundleDisplayName = myTunes;
				INFOPLIST_KEY_LSApplicationCategoryType = "public.app-category.music";
				INFOPLIST_KEY_UIApplicationSceneManifest_Generation = YES;
				INFOPLIST_KEY_UIApplicationSupportsIndirectInputEvents = YES;
				INFOPLIST_KEY_UILaunchScreen_Generation = YES;
				INFOPLIST_KEY_UILaunchStoryboardName = LaunchScreen.storyboard;
				INFOPLIST_KEY_UISupportedInterfaceOrientations = UIInterfaceOrientationPortrait;
				INFOPLIST_KEY_UISupportedInterfaceOrientations_iPad = "UIInterfaceOrientationLandscapeLeft UIInterfaceOrientationLandscapeRight UIInterfaceOrientationPortrait UIInterfaceOrientationPortraitUpsideDown";
				LD_RUNPATH_SEARCH_PATHS = (
					"$(inherited)",
					"@executable_path/Frameworks",
				);
				MARKETING_VERSION = 1.0;
				PRODUCT_BUNDLE_IDENTIFIER = br.com.chavitos.myTunes;
				PRODUCT_NAME = "$(TARGET_NAME)";
				STRING_CATALOG_GENERATE_SYMBOLS = YES;
				SUPPORTED_PLATFORMS = "iphoneos iphonesimulator";
				SUPPORTS_MACCATALYST = NO;
				SUPPORTS_MAC_DESIGNED_FOR_IPHONE_IPAD = NO;
				SUPPORTS_XR_DESIGNED_FOR_IPHONE_IPAD = NO;
				SWIFT_APPROACHABLE_CONCURRENCY = YES;
				SWIFT_DEFAULT_ACTOR_ISOLATION = MainActor;
				SWIFT_EMIT_LOC_STRINGS = YES;
				SWIFT_UPCOMING_FEATURE_MEMBER_IMPORT_VISIBILITY = YES;
				SWIFT_VERSION = 6.0;
				TARGETED_DEVICE_FAMILY = 1;
			};
			name = Debug;
		};
		DD51B1B22F8BFD1C00CB62A4 /* Release */ = {
			isa = XCBuildConfiguration;
			buildSettings = {
				ASSETCATALOG_COMPILER_APPICON_NAME = AppIcon;
				ASSETCATALOG_COMPILER_GLOBAL_ACCENT_COLOR_NAME = AccentColor;
				ASSETCATALOG_COMPILER_INCLUDE_ALL_APPICON_ASSETS = NO;
				CODE_SIGN_STYLE = Automatic;
				CURRENT_PROJECT_VERSION = 1;
				DEVELOPMENT_TEAM = 5Y5KPADL48;
				ENABLE_PREVIEWS = YES;
				GENERATE_INFOPLIST_FILE = YES;
				INFOPLIST_FILE = myTunes/Info.plist;
				INFOPLIST_KEY_CFBundleDisplayName = myTunes;
				INFOPLIST_KEY_LSApplicationCategoryType = "public.app-category.music";
				INFOPLIST_KEY_UIApplicationSceneManifest_Generation = YES;
				INFOPLIST_KEY_UIApplicationSupportsIndirectInputEvents = YES;
				INFOPLIST_KEY_UILaunchScreen_Generation = YES;
				INFOPLIST_KEY_UILaunchStoryboardName = LaunchScreen.storyboard;
				INFOPLIST_KEY_UISupportedInterfaceOrientations = UIInterfaceOrientationPortrait;
				INFOPLIST_KEY_UISupportedInterfaceOrientations_iPad = "UIInterfaceOrientationLandscapeLeft UIInterfaceOrientationLandscapeRight UIInterfaceOrientationPortrait UIInterfaceOrientationPortraitUpsideDown";
				LD_RUNPATH_SEARCH_PATHS = (
					"$(inherited)",
					"@executable_path/Frameworks",
				);
				MARKETING_VERSION = 1.0;
				PRODUCT_BUNDLE_IDENTIFIER = br.com.chavitos.myTunes;
				PRODUCT_NAME = "$(TARGET_NAME)";
				STRING_CATALOG_GENERATE_SYMBOLS = YES;
				SUPPORTED_PLATFORMS = "iphoneos iphonesimulator";
				SUPPORTS_MACCATALYST = NO;
				SUPPORTS_MAC_DESIGNED_FOR_IPHONE_IPAD = NO;
				SUPPORTS_XR_DESIGNED_FOR_IPHONE_IPAD = NO;
				SWIFT_APPROACHABLE_CONCURRENCY = YES;
				SWIFT_DEFAULT_ACTOR_ISOLATION = MainActor;
				SWIFT_EMIT_LOC_STRINGS = YES;
				SWIFT_UPCOMING_FEATURE_MEMBER_IMPORT_VISIBILITY = YES;
				SWIFT_VERSION = 6.0;
				TARGETED_DEVICE_FAMILY = 1;
			};
			name = Release;
		};
		DD51B1B42F8BFD1C00CB62A4 /* Debug */ = {
			isa = XCBuildConfiguration;
			buildSettings = {
				BUNDLE_LOADER = "$(TEST_HOST)";
				CODE_SIGN_STYLE = Automatic;
				CURRENT_PROJECT_VERSION = 1;
				DEVELOPMENT_TEAM = 5Y5KPADL48;
				GENERATE_INFOPLIST_FILE = YES;
				IPHONEOS_DEPLOYMENT_TARGET = 26.4;
				MARKETING_VERSION = 1.0;
				PRODUCT_BUNDLE_IDENTIFIER = br.com.chavitos.myTunesTests;
				PRODUCT_NAME = "$(TARGET_NAME)";
				STRING_CATALOG_GENERATE_SYMBOLS = NO;
				SWIFT_APPROACHABLE_CONCURRENCY = YES;
				SWIFT_EMIT_LOC_STRINGS = NO;
				SWIFT_UPCOMING_FEATURE_MEMBER_IMPORT_VISIBILITY = YES;
				SWIFT_VERSION = 5.0;
				TARGETED_DEVICE_FAMILY = "1,2";
				TEST_HOST = "$(BUILT_PRODUCTS_DIR)/myTunes.app/$(BUNDLE_EXECUTABLE_FOLDER_PATH)/myTunes";
			};
			name = Debug;
		};
		DD51B1B52F8BFD1C00CB62A4 /* Release */ = {
			isa = XCBuildConfiguration;
			buildSettings = {
				BUNDLE_LOADER = "$(TEST_HOST)";
				CODE_SIGN_STYLE = Automatic;
				CURRENT_PROJECT_VERSION = 1;
				DEVELOPMENT_TEAM = 5Y5KPADL48;
				GENERATE_INFOPLIST_FILE = YES;
				IPHONEOS_DEPLOYMENT_TARGET = 26.4;
				MARKETING_VERSION = 1.0;
				PRODUCT_BUNDLE_IDENTIFIER = br.com.chavitos.myTunesTests;
				PRODUCT_NAME = "$(TARGET_NAME)";
				STRING_CATALOG_GENERATE_SYMBOLS = NO;
				SWIFT_APPROACHABLE_CONCURRENCY = YES;
				SWIFT_EMIT_LOC_STRINGS = NO;
				SWIFT_UPCOMING_FEATURE_MEMBER_IMPORT_VISIBILITY = YES;
				SWIFT_VERSION = 5.0;
				TARGETED_DEVICE_FAMILY = "1,2";
				TEST_HOST = "$(BUILT_PRODUCTS_DIR)/myTunes.app/$(BUNDLE_EXECUTABLE_FOLDER_PATH)/myTunes";
			};
			name = Release;
		};
		DD51B1B72F8BFD1C00CB62A4 /* Debug */ = {
			isa = XCBuildConfiguration;
			buildSettings = {
				CODE_SIGN_STYLE = Automatic;
				CURRENT_PROJECT_VERSION = 1;
				DEVELOPMENT_TEAM = 5Y5KPADL48;
				GENERATE_INFOPLIST_FILE = YES;
				MARKETING_VERSION = 1.0;
				PRODUCT_BUNDLE_IDENTIFIER = br.com.chavitos.myTunesUITests;
				PRODUCT_NAME = "$(TARGET_NAME)";
				STRING_CATALOG_GENERATE_SYMBOLS = NO;
				SWIFT_APPROACHABLE_CONCURRENCY = YES;
				SWIFT_EMIT_LOC_STRINGS = NO;
				SWIFT_UPCOMING_FEATURE_MEMBER_IMPORT_VISIBILITY = YES;
				SWIFT_VERSION = 5.0;
				TARGETED_DEVICE_FAMILY = "1,2";
				TEST_TARGET_NAME = myTunes;
			};
			name = Debug;
		};
		DD51B1B82F8BFD1C00CB62A4 /* Release */ = {
			isa = XCBuildConfiguration;
			buildSettings = {
				CODE_SIGN_STYLE = Automatic;
				CURRENT_PROJECT_VERSION = 1;
				DEVELOPMENT_TEAM = 5Y5KPADL48;
				GENERATE_INFOPLIST_FILE = YES;
				MARKETING_VERSION = 1.0;
				PRODUCT_BUNDLE_IDENTIFIER = br.com.chavitos.myTunesUITests;
				PRODUCT_NAME = "$(TARGET_NAME)";
				STRING_CATALOG_GENERATE_SYMBOLS = NO;
				SWIFT_APPROACHABLE_CONCURRENCY = YES;
				SWIFT_EMIT_LOC_STRINGS = NO;
				SWIFT_UPCOMING_FEATURE_MEMBER_IMPORT_VISIBILITY = YES;
				SWIFT_VERSION = 5.0;
				TARGETED_DEVICE_FAMILY = "1,2";
				TEST_TARGET_NAME = myTunes;
			};
			name = Release;
		};
/* End XCBuildConfiguration section */

/* Begin XCConfigurationList section */
		DD51B1882F8BFD1A00CB62A4 /* Build configuration list for PBXProject "myTunes" */ = {
			isa = XCConfigurationList;
			buildConfigurations = (
				DD51B1AE2F8BFD1C00CB62A4 /* Debug */,
				DD51B1AF2F8BFD1C00CB62A4 /* Release */,
			);
			defaultConfigurationIsVisible = 0;
			defaultConfigurationName = Release;
		};
		DD51B1B02F8BFD1C00CB62A4 /* Build configuration list for PBXNativeTarget "myTunes" */ = {
			isa = XCConfigurationList;
			buildConfigurations = (
				DD51B1B12F8BFD1C00CB62A4 /* Debug */,
				DD51B1B22F8BFD1C00CB62A4 /* Release */,
			);
			defaultConfigurationIsVisible = 0;
			defaultConfigurationName = Release;
		};
		DD51B1B32F8BFD1C00CB62A4 /* Build configuration list for PBXNativeTarget "myTunesTests" */ = {
			isa = XCConfigurationList;
			buildConfigurations = (
				DD51B1B42F8BFD1C00CB62A4 /* Debug */,
				DD51B1B52F8BFD1C00CB62A4 /* Release */,
			);
			defaultConfigurationIsVisible = 0;
			defaultConfigurationName = Release;
		};
		DD51B1B62F8BFD1C00CB62A4 /* Build configuration list for PBXNativeTarget "myTunesUITests" */ = {
			isa = XCConfigurationList;
			buildConfigurations = (
				DD51B1B72F8BFD1C00CB62A4 /* Debug */,
				DD51B1B82F8BFD1C00CB62A4 /* Release */,
			);
			defaultConfigurationIsVisible = 0;
			defaultConfigurationName = Release;
		};
/* End XCConfigurationList section */
	};
	rootObject = DD51B1852F8BFD1A00CB62A4 /* Project object */;
}
